
Microsoft Visual Studio Solution File, Format Version 12.00
# Visual Studio Version 17
VisualStudioVersion = 17.4.33213.308
MinimumVisualStudioVersion = 10.0.40219.1
Project("{FAE04EC0-301F-11D3-BF4B-00C04F79EFBC}") = "Network X", "Network X\Network X.csproj", "{93DDF582-EABE-48FB-BC31-7BF453FF933A}"
EndProject
Global
	GlobalSection(SolutionConfigurationPlatforms) = preSolution
		Debug|Any CPU = Debug|Any CPU
		Release|Any CPU = Release|Any CPU
	EndGlobalSection
	GlobalSection(ProjectConfigurationPlatforms) = postSolution
		{93DDF582-EABE-48FB-BC31-7BF453FF933A}.Debug|Any CPU.ActiveCfg = Debug|Any CPU
		{93DDF582-EABE-48FB-BC31-7BF453FF933A}.Debug|Any CPU.Build.0 = Debug|Any CPU
		{93DDF582-EABE-48FB-BC31-7BF453FF933A}.Release|Any CPU.ActiveCfg = Release|Any CPU
		{93DDF582-EABE-48FB-BC31-7BF453FF933A}.Release|Any CPU.Build.0 = Release|Any CPU
	EndGlobalSection
	GlobalSection(SolutionProperties) = preSolution
		HideSolutionNode = FALSE
	EndGlobalSection
	GlobalSection(ExtensibilityGlobals) = postSolution
		SolutionGuid = {C5DEA93F-92F2-487A-B47A-14930C82FD52}
	EndGlobalSection
EndGlobal
